
Microsoft Visual Studio Solution File, Format Version 12.00
# Visual Studio Version 17
VisualStudioVersion = 17.3.32929.385
MinimumVisualStudioVersion = 10.0.40219.1
Project("{9A19103F-16F7-4668-BE54-9A1E7A4F7556}") = "BlogAPI", "BlogAPI.csproj", "{40404566-A2A6-4EB9-81EB-E69C5FCE9D03}"
EndProject
Project("{9A19103F-16F7-4668-BE54-9A1E7A4F7556}") = "Data", "..\Domain\Data.csproj", "{BF965598-C8F9-42E5-893D-474C4396F3F5}"
EndProject
Project("{9A19103F-16F7-4668-BE54-9A1E7A4F7556}") = "Service", "..\Service\Service.csproj", "{392894B5-96F6-46F2-85DA-F1510BA3A992}"
	ProjectSection(ProjectDependencies) = postProject
		{6D4AED18-95F4-469E-B6F9-8F15A3BBED49} = {6D4AED18-95F4-469E-B6F9-8F15A3BBED49}
	EndProjectSection
EndProject
Project("{2150E333-8FDC-42A3-9474-1A3956D46DE8}") = "Presentation", "Presentation", "{15F71269-870D-4F6B-AC55-4576809229B8}"
EndProject
Project("{2150E333-8FDC-42A3-9474-1A3956D46DE8}") = "Test", "Test", "{F037136E-F65A-4DB7-9C2C-C69356E54403}"
EndProject
Project("{2150E333-8FDC-42A3-9474-1A3956D46DE8}") = "Business", "Business", "{570764FD-EDFC-42E1-B37F-4DEF82720489}"
EndProject
Project("{2150E333-8FDC-42A3-9474-1A3956D46DE8}") = "Domain", "Domain", "{DEA6AA3C-B66D-4BF3-B522-8A95FDB76643}"
EndProject
Project("{FAE04EC0-301F-11D3-BF4B-00C04F79EFBC}") = "Infrastructure", "..\Domain.Infrastructure\Infrastructure.csproj", "{6D4AED18-95F4-469E-B6F9-8F15A3BBED49}"
	ProjectSection(ProjectDependencies) = postProject
		{BF965598-C8F9-42E5-893D-474C4396F3F5} = {BF965598-C8F9-42E5-893D-474C4396F3F5}
	EndProjectSection
EndProject
Global
	GlobalSection(SolutionConfigurationPlatforms) = preSolution
		Debug|Any CPU = Debug|Any CPU
		Release|Any CPU = Release|Any CPU
	EndGlobalSection
	GlobalSection(ProjectConfigurationPlatforms) = postSolution
		{40404566-A2A6-4EB9-81EB-E69C5FCE9D03}.Debug|Any CPU.ActiveCfg = Debug|Any CPU
		{40404566-A2A6-4EB9-81EB-E69C5FCE9D03}.Debug|Any CPU.Build.0 = Debug|Any CPU
		{40404566-A2A6-4EB9-81EB-E69C5FCE9D03}.Release|Any CPU.ActiveCfg = Release|Any CPU
		{40404566-A2A6-4EB9-81EB-E69C5FCE9D03}.Release|Any CPU.Build.0 = Release|Any CPU
		{BF965598-C8F9-42E5-893D-474C4396F3F5}.Debug|Any CPU.ActiveCfg = Debug|Any CPU
		{BF965598-C8F9-42E5-893D-474C4396F3F5}.Debug|Any CPU.Build.0 = Debug|Any CPU
		{BF965598-C8F9-42E5-893D-474C4396F3F5}.Release|Any CPU.ActiveCfg = Release|Any CPU
		{BF965598-C8F9-42E5-893D-474C4396F3F5}.Release|Any CPU.Build.0 = Release|Any CPU
		{392894B5-96F6-46F2-85DA-F1510BA3A992}.Debug|Any CPU.ActiveCfg = Debug|Any CPU
		{392894B5-96F6-46F2-85DA-F1510BA3A992}.Debug|Any CPU.Build.0 = Debug|Any CPU
		{392894B5-96F6-46F2-85DA-F1510BA3A992}.Release|Any CPU.ActiveCfg = Release|Any CPU
		{392894B5-96F6-46F2-85DA-F1510BA3A992}.Release|Any CPU.Build.0 = Release|Any CPU
		{6D4AED18-95F4-469E-B6F9-8F15A3BBED49}.Debug|Any CPU.ActiveCfg = Debug|Any CPU
		{6D4AED18-95F4-469E-B6F9-8F15A3BBED49}.Debug|Any CPU.Build.0 = Debug|Any CPU
		{6D4AED18-95F4-469E-B6F9-8F15A3BBED49}.Release|Any CPU.ActiveCfg = Release|Any CPU
		{6D4AED18-95F4-469E-B6F9-8F15A3BBED49}.Release|Any CPU.Build.0 = Release|Any CPU
	EndGlobalSection
	GlobalSection(SolutionProperties) = preSolution
		HideSolutionNode = FALSE
	EndGlobalSection
	GlobalSection(NestedProjects) = preSolution
		{40404566-A2A6-4EB9-81EB-E69C5FCE9D03} = {15F71269-870D-4F6B-AC55-4576809229B8}
		{BF965598-C8F9-42E5-893D-474C4396F3F5} = {DEA6AA3C-B66D-4BF3-B522-8A95FDB76643}
		{392894B5-96F6-46F2-85DA-F1510BA3A992} = {570764FD-EDFC-42E1-B37F-4DEF82720489}
		{6D4AED18-95F4-469E-B6F9-8F15A3BBED49} = {DEA6AA3C-B66D-4BF3-B522-8A95FDB76643}
	EndGlobalSection
	GlobalSection(ExtensibilityGlobals) = postSolution
		SolutionGuid = {BD9BFF83-2515-4161-9352-8A6184AA55CE}
	EndGlobalSection
EndGlobal
